
Microsoft Visual Studio Solution File, Format Version 12.00
# Visual Studio 15
VisualStudioVersion = 15.0.26730.12
MinimumVisualStudioVersion = 10.0.40219.1
Project("{9A19103F-16F7-4668-BE54-9A1E7A4F7556}") = "Task1", "Task1\Task1.csproj", "{F6210D7F-BFED-4D47-BD8E-C61F93E3CD78}"
EndProject
Project("{9A19103F-16F7-4668-BE54-9A1E7A4F7556}") = "Task2", "Task2\Task2.csproj", "{6326EA0C-FC31-4474-A4D2-ACEE70B6AEC3}"
EndProject
Project("{9A19103F-16F7-4668-BE54-9A1E7A4F7556}") = "Task3", "Task3\Task3.csproj", "{7EBA7919-BB7F-439F-B5BA-D7766562D310}"
EndProject
Project("{9A19103F-16F7-4668-BE54-9A1E7A4F7556}") = "Task4", "Task4\Task4.csproj", "{9125E5C8-7817-4BF8-B432-F9D26E7F0ABC}"
EndProject
Project("{9A19103F-16F7-4668-BE54-9A1E7A4F7556}") = "Task5", "Task5\Task5.csproj", "{1B701B9C-D8F5-4327-830A-673EC8D8044A}"
EndProject
Project("{9A19103F-16F7-4668-BE54-9A1E7A4F7556}") = "Task6", "Task6\Task6.csproj", "{61885C59-E877-4118-83BB-509EC91D0BB9}"
EndProject
Project("{9A19103F-16F7-4668-BE54-9A1E7A4F7556}") = "Task7", "Task7\Task7.csproj", "{0DD0E737-C4ED-4145-A384-DE10C401D9EC}"
EndProject
Project("{9A19103F-16F7-4668-BE54-9A1E7A4F7556}") = "Task8", "Task8\Task8.csproj", "{24580B0A-B8DC-44C6-BE64-FF1C7239CA9D}"
EndProject
Project("{FAE04EC0-301F-11D3-BF4B-00C04F79EFBC}") = "Task9", "Task9\Task9.csproj", "{BC078E51-3305-4080-A0C6-D063659D83A2}"
EndProject
Global
	GlobalSection(SolutionConfigurationPlatforms) = preSolution
		Debug|Any CPU = Debug|Any CPU
		Release|Any CPU = Release|Any CPU
	EndGlobalSection
	GlobalSection(ProjectConfigurationPlatforms) = postSolution
		{F6210D7F-BFED-4D47-BD8E-C61F93E3CD78}.Debug|Any CPU.ActiveCfg = Debug|Any CPU
		{F6210D7F-BFED-4D47-BD8E-C61F93E3CD78}.Debug|Any CPU.Build.0 = Debug|Any CPU
		{F6210D7F-BFED-4D47-BD8E-C61F93E3CD78}.Release|Any CPU.ActiveCfg = Release|Any CPU
		{F6210D7F-BFED-4D47-BD8E-C61F93E3CD78}.Release|Any CPU.Build.0 = Release|Any CPU
		{6326EA0C-FC31-4474-A4D2-ACEE70B6AEC3}.Debug|Any CPU.ActiveCfg = Debug|Any CPU
		{6326EA0C-FC31-4474-A4D2-ACEE70B6AEC3}.Debug|Any CPU.Build.0 = Debug|Any CPU
		{6326EA0C-FC31-4474-A4D2-ACEE70B6AEC3}.Release|Any CPU.ActiveCfg = Release|Any CPU
		{6326EA0C-FC31-4474-A4D2-ACEE70B6AEC3}.Release|Any CPU.Build.0 = Release|Any CPU
		{7EBA7919-BB7F-439F-B5BA-D7766562D310}.Debug|Any CPU.ActiveCfg = Debug|Any CPU
		{7EBA7919-BB7F-439F-B5BA-D7766562D310}.Debug|Any CPU.Build.0 = Debug|Any CPU
		{7EBA7919-BB7F-439F-B5BA-D7766562D310}.Release|Any CPU.ActiveCfg = Release|Any CPU
		{7EBA7919-BB7F-439F-B5BA-D7766562D310}.Release|Any CPU.Build.0 = Release|Any CPU
		{9125E5C8-7817-4BF8-B432-F9D26E7F0ABC}.Debug|Any CPU.ActiveCfg = Debug|Any CPU
		{9125E5C8-7817-4BF8-B432-F9D26E7F0ABC}.Debug|Any CPU.Build.0 = Debug|Any CPU
		{9125E5C8-7817-4BF8-B432-F9D26E7F0ABC}.Release|Any CPU.ActiveCfg = Release|Any CPU
		{9125E5C8-7817-4BF8-B432-F9D26E7F0ABC}.Release|Any CPU.Build.0 = Release|Any CPU
		{1B701B9C-D8F5-4327-830A-673EC8D8044A}.Debug|Any CPU.ActiveCfg = Debug|Any CPU
		{1B701B9C-D8F5-4327-830A-673EC8D8044A}.Debug|Any CPU.Build.0 = Debug|Any CPU
		{1B701B9C-D8F5-4327-830A-673EC8D8044A}.Release|Any CPU.ActiveCfg = Release|Any CPU
		{1B701B9C-D8F5-4327-830A-673EC8D8044A}.Release|Any CPU.Build.0 = Release|Any CPU
		{61885C59-E877-4118-83BB-509EC91D0BB9}.Debug|Any CPU.ActiveCfg = Debug|Any CPU
		{61885C59-E877-4118-83BB-509EC91D0BB9}.Debug|Any CPU.Build.0 = Debug|Any CPU
		{61885C59-E877-4118-83BB-509EC91D0BB9}.Release|Any CPU.ActiveCfg = Release|Any CPU
		{61885C59-E877-4118-83BB-509EC91D0BB9}.Release|Any CPU.Build.0 = Release|Any CPU
		{0DD0E737-C4ED-4145-A384-DE10C401D9EC}.Debug|Any CPU.ActiveCfg = Debug|Any CPU
		{0DD0E737-C4ED-4145-A384-DE10C401D9EC}.Debug|Any CPU.Build.0 = Debug|Any CPU
		{0DD0E737-C4ED-4145-A384-DE10C401D9EC}.Release|Any CPU.ActiveCfg = Release|Any CPU
		{0DD0E737-C4ED-4145-A384-DE10C401D9EC}.Release|Any CPU.Build.0 = Release|Any CPU
		{24580B0A-B8DC-44C6-BE64-FF1C7239CA9D}.Debug|Any CPU.ActiveCfg = Debug|Any CPU
		{24580B0A-B8DC-44C6-BE64-FF1C7239CA9D}.Debug|Any CPU.Build.0 = Debug|Any CPU
		{24580B0A-B8DC-44C6-BE64-FF1C7239CA9D}.Release|Any CPU.ActiveCfg = Release|Any CPU
		{24580B0A-B8DC-44C6-BE64-FF1C7239CA9D}.Release|Any CPU.Build.0 = Release|Any CPU
		{BC078E51-3305-4080-A0C6-D063659D83A2}.Debug|Any CPU.ActiveCfg = Debug|Any CPU
		{BC078E51-3305-4080-A0C6-D063659D83A2}.Debug|Any CPU.Build.0 = Debug|Any CPU
		{BC078E51-3305-4080-A0C6-D063659D83A2}.Release|Any CPU.ActiveCfg = Release|Any CPU
		{BC078E51-3305-4080-A0C6-D063659D83A2}.Release|Any CPU.Build.0 = Release|Any CPU
	EndGlobalSection
	GlobalSection(SolutionProperties) = preSolution
		HideSolutionNode = FALSE
	EndGlobalSection
	GlobalSection(ExtensibilityGlobals) = postSolution
		SolutionGuid = {82A7DC3C-445A-4A69-AA2E-2082353D56B5}
	EndGlobalSection
EndGlobal
